// !$*UTF8*$!
{
	archiveVersion = 1;
	classes = {
	};
	objectVersion = 51;
	objects = {

/* Begin PBXBuildFile section */
		0A03AFD322759566003F6248 /* DraftyTest.swift in Sources */ = {isa = PBXBuildFile; fileRef = 0A03AFD222759566003F6248 /* DraftyTest.swift */; };
		0A431BE12244A0BE00A837F7 /* TinodeSDK.h in Headers */ = {isa = PBXBuildFile; fileRef = 0A431BDF2244A0BE00A837F7 /* TinodeSDK.h */; settings = {ATTRIBUTES = (Public, ); }; };
		0A431BFA2244A14D00A837F7 /* PromisedReply.swift in Sources */ = {isa = PBXBuildFile; fileRef = 0A431BF22244A14C00A837F7 /* PromisedReply.swift */; };
		0A431BFB2244A14D00A837F7 /* Connection.swift in Sources */ = {isa = PBXBuildFile; fileRef = 0A431BF42244A14C00A837F7 /* Connection.swift */; };
		0A431BFC2244A14D00A837F7 /* AuthScheme.swift in Sources */ = {isa = PBXBuildFile; fileRef = 0A431BF52244A14C00A837F7 /* AuthScheme.swift */; };
		0A431BFD2244A14D00A837F7 /* User.swift in Sources */ = {isa = PBXBuildFile; fileRef = 0A431BF92244A14D00A837F7 /* User.swift */; };
		0A431BFE2244A14D00A837F7 /* Storage.swift in Sources */ = {isa = PBXBuildFile; fileRef = 0A431BF72244A14D00A837F7 /* Storage.swift */; };
		0A431BFF2244A14D00A837F7 /* Tinode.swift in Sources */ = {isa = PBXBuildFile; fileRef = 0A431BF62244A14D00A837F7 /* Tinode.swift */; };
		0A431C002244A14D00A837F7 /* RFC3339Format.swift in Sources */ = {isa = PBXBuildFile; fileRef = 0A431BF32244A14C00A837F7 /* RFC3339Format.swift */; };
		0A431C012244A14D00A837F7 /* Topic.swift in Sources */ = {isa = PBXBuildFile; fileRef = 0A431BF82244A14D00A837F7 /* Topic.swift */; };
		0A44B0052244AAC500A98866 /* ServerMessages.swift in Sources */ = {isa = PBXBuildFile; fileRef = 0A431BEE2244A14B00A837F7 /* ServerMessages.swift */; };
		0A44B0062244AAC500A98866 /* Subscription.swift in Sources */ = {isa = PBXBuildFile; fileRef = 0A431BEF2244A14B00A837F7 /* Subscription.swift */; };
		0A44B0072244AAC500A98866 /* TheCard.swift in Sources */ = {isa = PBXBuildFile; fileRef = 0A431BF02244A14B00A837F7 /* TheCard.swift */; };
		0A44B0082244AAC500A98866 /* Defacs.swift in Sources */ = {isa = PBXBuildFile; fileRef = 0A431BEB2244A14B00A837F7 /* Defacs.swift */; };
		0A44B0092244AAC500A98866 /* Description.swift in Sources */ = {isa = PBXBuildFile; fileRef = 0A431BEC2244A14B00A837F7 /* Description.swift */; };
		0A44B00A2244AAC500A98866 /* Acs.swift in Sources */ = {isa = PBXBuildFile; fileRef = 0A431BE82244A14B00A837F7 /* Acs.swift */; };
		0A44B00B2244AAC500A98866 /* Drafty.swift in Sources */ = {isa = PBXBuildFile; fileRef = 0A431BED2244A14B00A837F7 /* Drafty.swift */; };
		0A44B00C2244AAC500A98866 /* JSONValue.swift in Sources */ = {isa = PBXBuildFile; fileRef = 0A431BE72244A14B00A837F7 /* JSONValue.swift */; };
		0A44B00D2244AAC500A98866 /* AcsHelper.swift in Sources */ = {isa = PBXBuildFile; fileRef = 0A431BE92244A14B00A837F7 /* AcsHelper.swift */; };
		0A44B00E2244AAC500A98866 /* ClientMessages.swift in Sources */ = {isa = PBXBuildFile; fileRef = 0A431BEA2244A14B00A837F7 /* ClientMessages.swift */; };
		0A56CCE522759078006E2952 /* TinodeSDKTests.swift in Sources */ = {isa = PBXBuildFile; fileRef = 0A56CCE422759078006E2952 /* TinodeSDKTests.swift */; };
		0A56CCE722759078006E2952 /* TinodeSDK.framework in Frameworks */ = {isa = PBXBuildFile; fileRef = 0A431BDC2244A0BE00A837F7 /* TinodeSDK.framework */; };
		0A610453227563E200C6A9D2 /* Log.swift in Sources */ = {isa = PBXBuildFile; fileRef = 0A610452227563E200C6A9D2 /* Log.swift */; };
		0A81B317236FA896009AF14B /* Types.swift in Sources */ = {isa = PBXBuildFile; fileRef = 0A81B316236FA896009AF14B /* Types.swift */; };
		0AAF8BEC23B70E2A00C9CFBB /* MsgRange.swift in Sources */ = {isa = PBXBuildFile; fileRef = 0AAF8BEB23B70E2A00C9CFBB /* MsgRange.swift */; };
		3A5B770D2C918555D21116C9 /* libPods-TinodeSDKTests.a in Frameworks */ = {isa = PBXBuildFile; fileRef = C8B1F7A52439924B698AC915 /* libPods-TinodeSDKTests.a */; };
		B0876010243F1C3E00B464D1 /* MeTopic.swift in Sources */ = {isa = PBXBuildFile; fileRef = B087600F243F1C3E00B464D1 /* MeTopic.swift */; };
		B0876012243F1DD900B464D1 /* FndTopic.swift in Sources */ = {isa = PBXBuildFile; fileRef = B0876011243F1DD900B464D1 /* FndTopic.swift */; };
		B0876014243F1E4000B464D1 /* ComTopic.swift in Sources */ = {isa = PBXBuildFile; fileRef = B0876013243F1E4000B464D1 /* ComTopic.swift */; };
		B089261627838F4600C419C0 /* WebSocket.swift in Sources */ = {isa = PBXBuildFile; fileRef = B089261527838F4600C419C0 /* WebSocket.swift */; };
/* End PBXBuildFile section */

/* Begin PBXContainerItemProxy section */
		0A56CCE822759078006E2952 /* PBXContainerItemProxy */ = {
			isa = PBXContainerItemProxy;
			containerPortal = 0A431BD32244A0BE00A837F7 /* Project object */;
			proxyType = 1;
			remoteGlobalIDString = 0A431BDB2244A0BE00A837F7;
			remoteInfo = TinodeSDK;
		};
/* End PBXContainerItemProxy section */

/* Begin PBXFileReference section */
		0A03AFD222759566003F6248 /* DraftyTest.swift */ = {isa = PBXFileReference; lastKnownFileType = sourcecode.swift; path = DraftyTest.swift; sourceTree = "<group>"; };
		0A431BDC2244A0BE00A837F7 /* TinodeSDK.framework */ = {isa = PBXFileReference; explicitFileType = wrapper.framework; includeInIndex = 0; path = TinodeSDK.framework; sourceTree = BUILT_PRODUCTS_DIR; };
		0A431BDF2244A0BE00A837F7 /* TinodeSDK.h */ = {isa = PBXFileReference; lastKnownFileType = sourcecode.c.h; path = TinodeSDK.h; sourceTree = "<group>"; };
		0A431BE02244A0BE00A837F7 /* Info.plist */ = {isa = PBXFileReference; lastKnownFileType = text.plist.xml; path = Info.plist; sourceTree = "<group>"; };
		0A431BE72244A14B00A837F7 /* JSONValue.swift */ = {isa = PBXFileReference; lastKnownFileType = sourcecode.swift; path = JSONValue.swift; sourceTree = "<group>"; };
		0A431BE82244A14B00A837F7 /* Acs.swift */ = {isa = PBXFileReference; lastKnownFileType = sourcecode.swift; path = Acs.swift; sourceTree = "<group>"; };
		0A431BE92244A14B00A837F7 /* AcsHelper.swift */ = {isa = PBXFileReference; lastKnownFileType = sourcecode.swift; path = AcsHelper.swift; sourceTree = "<group>"; };
		0A431BEA2244A14B00A837F7 /* ClientMessages.swift */ = {isa = PBXFileReference; lastKnownFileType = sourcecode.swift; path = ClientMessages.swift; sourceTree = "<group>"; };
		0A431BEB2244A14B00A837F7 /* Defacs.swift */ = {isa = PBXFileReference; lastKnownFileType = sourcecode.swift; path = Defacs.swift; sourceTree = "<group>"; };
		0A431BEC2244A14B00A837F7 /* Description.swift */ = {isa = PBXFileReference; lastKnownFileType = sourcecode.swift; path = Description.swift; sourceTree = "<group>"; };
		0A431BED2244A14B00A837F7 /* Drafty.swift */ = {isa = PBXFileReference; lastKnownFileType = sourcecode.swift; path = Drafty.swift; sourceTree = "<group>"; };
		0A431BEE2244A14B00A837F7 /* ServerMessages.swift */ = {isa = PBXFileReference; lastKnownFileType = sourcecode.swift; path = ServerMessages.swift; sourceTree = "<group>"; };
		0A431BEF2244A14B00A837F7 /* Subscription.swift */ = {isa = PBXFileReference; lastKnownFileType = sourcecode.swift; path = Subscription.swift; sourceTree = "<group>"; };
		0A431BF02244A14B00A837F7 /* TheCard.swift */ = {isa = PBXFileReference; lastKnownFileType = sourcecode.swift; path = TheCard.swift; sourceTree = "<group>"; };
		0A431BF22244A14C00A837F7 /* PromisedReply.swift */ = {isa = PBXFileReference; lastKnownFileType = sourcecode.swift; path = PromisedReply.swift; sourceTree = "<group>"; };
		0A431BF32244A14C00A837F7 /* RFC3339Format.swift */ = {isa = PBXFileReference; lastKnownFileType = sourcecode.swift; path = RFC3339Format.swift; sourceTree = "<group>"; };
		0A431BF42244A14C00A837F7 /* Connection.swift */ = {isa = PBXFileReference; lastKnownFileType = sourcecode.swift; path = Connection.swift; sourceTree = "<group>"; };
		0A431BF52244A14C00A837F7 /* AuthScheme.swift */ = {isa = PBXFileReference; lastKnownFileType = sourcecode.swift; path = AuthScheme.swift; sourceTree = "<group>"; };
		0A431BF62244A14D00A837F7 /* Tinode.swift */ = {isa = PBXFileReference; lastKnownFileType = sourcecode.swift; path = Tinode.swift; sourceTree = "<group>"; };
		0A431BF72244A14D00A837F7 /* Storage.swift */ = {isa = PBXFileReference; lastKnownFileType = sourcecode.swift; path = Storage.swift; sourceTree = "<group>"; };
		0A431BF82244A14D00A837F7 /* Topic.swift */ = {isa = PBXFileReference; lastKnownFileType = sourcecode.swift; path = Topic.swift; sourceTree = "<group>"; };
		0A431BF92244A14D00A837F7 /* User.swift */ = {isa = PBXFileReference; lastKnownFileType = sourcecode.swift; path = User.swift; sourceTree = "<group>"; };
		0A44B0102247573C00A98866 /* SwiftWebSocket.framework */ = {isa = PBXFileReference; explicitFileType = wrapper.framework; path = SwiftWebSocket.framework; sourceTree = BUILT_PRODUCTS_DIR; };
		0A56CCE222759078006E2952 /* TinodeSDKTests.xctest */ = {isa = PBXFileReference; explicitFileType = wrapper.cfbundle; includeInIndex = 0; path = TinodeSDKTests.xctest; sourceTree = BUILT_PRODUCTS_DIR; };
		0A56CCE422759078006E2952 /* TinodeSDKTests.swift */ = {isa = PBXFileReference; lastKnownFileType = sourcecode.swift; path = TinodeSDKTests.swift; sourceTree = "<group>"; };
		0A56CCE622759078006E2952 /* Info.plist */ = {isa = PBXFileReference; lastKnownFileType = text.plist.xml; path = Info.plist; sourceTree = "<group>"; };
		0A610452227563E200C6A9D2 /* Log.swift */ = {isa = PBXFileReference; lastKnownFileType = sourcecode.swift; path = Log.swift; sourceTree = "<group>"; };
		0A81B316236FA896009AF14B /* Types.swift */ = {isa = PBXFileReference; lastKnownFileType = sourcecode.swift; path = Types.swift; sourceTree = "<group>"; };
		0AAF8BEB23B70E2A00C9CFBB /* MsgRange.swift */ = {isa = PBXFileReference; lastKnownFileType = sourcecode.swift; path = MsgRange.swift; sourceTree = "<group>"; };
		15EB4A3618442D5E79FEAB59 /* Pods-TinodeSDK.debug.xcconfig */ = {isa = PBXFileReference; includeInIndex = 1; lastKnownFileType = text.xcconfig; name = "Pods-TinodeSDK.debug.xcconfig"; path = "Pods/Target Support Files/Pods-TinodeSDK/Pods-TinodeSDK.debug.xcconfig"; sourceTree = "<group>"; };
		79834550805DF1A314040328 /* Pods-TinodeSDKTests.debug.xcconfig */ = {isa = PBXFileReference; includeInIndex = 1; lastKnownFileType = text.xcconfig; name = "Pods-TinodeSDKTests.debug.xcconfig"; path = "Pods/Target Support Files/Pods-TinodeSDKTests/Pods-TinodeSDKTests.debug.xcconfig"; sourceTree = "<group>"; };
		B087600F243F1C3E00B464D1 /* MeTopic.swift */ = {isa = PBXFileReference; lastKnownFileType = sourcecode.swift; path = MeTopic.swift; sourceTree = "<group>"; };
		B0876011243F1DD900B464D1 /* FndTopic.swift */ = {isa = PBXFileReference; lastKnownFileType = sourcecode.swift; path = FndTopic.swift; sourceTree = "<group>"; };
		B0876013243F1E4000B464D1 /* ComTopic.swift */ = {isa = PBXFileReference; lastKnownFileType = sourcecode.swift; path = ComTopic.swift; sourceTree = "<group>"; };
		B089261527838F4600C419C0 /* WebSocket.swift */ = {isa = PBXFileReference; lastKnownFileType = sourcecode.swift; path = WebSocket.swift; sourceTree = "<group>"; };
		C8B1F7A52439924B698AC915 /* libPods-TinodeSDKTests.a */ = {isa = PBXFileReference; explicitFileType = archive.ar; includeInIndex = 0; path = "libPods-TinodeSDKTests.a"; sourceTree = BUILT_PRODUCTS_DIR; };
		D80621A4BCCAF3C0B58C06E5 /* Pods-TinodeSDK.release.xcconfig */ = {isa = PBXFileReference; includeInIndex = 1; lastKnownFileType = text.xcconfig; name = "Pods-TinodeSDK.release.xcconfig"; path = "Pods/Target Support Files/Pods-TinodeSDK/Pods-TinodeSDK.release.xcconfig"; sourceTree = "<group>"; };
		FD6888AEFAE0E94A350A75E8 /* Pods-TinodeSDKTests.release.xcconfig */ = {isa = PBXFileReference; includeInIndex = 1; lastKnownFileType = text.xcconfig; name = "Pods-TinodeSDKTests.release.xcconfig"; path = "Pods/Target Support Files/Pods-TinodeSDKTests/Pods-TinodeSDKTests.release.xcconfig"; sourceTree = "<group>"; };
/* End PBXFileReference section */

/* Begin PBXFrameworksBuildPhase section */
		0A431BD92244A0BE00A837F7 /* Frameworks */ = {
			isa = PBXFrameworksBuildPhase;
			buildActionMask = 2147483647;
			files = (
			);
			runOnlyForDeploymentPostprocessing = 0;
		};
		0A56CCDF22759078006E2952 /* Frameworks */ = {
			isa = PBXFrameworksBuildPhase;
			buildActionMask = 2147483647;
			files = (
				0A56CCE722759078006E2952 /* TinodeSDK.framework in Frameworks */,
				3A5B770D2C918555D21116C9 /* libPods-TinodeSDKTests.a in Frameworks */,
			);
			runOnlyForDeploymentPostprocessing = 0;
		};
/* End PBXFrameworksBuildPhase section */

/* Begin PBXGroup section */
		0A431BD22244A0BE00A837F7 = {
			isa = PBXGroup;
			children = (
				0A431BDE2244A0BE00A837F7 /* TinodeSDK */,
				0A56CCE322759078006E2952 /* TinodeSDKTests */,
				0A431BDD2244A0BE00A837F7 /* Products */,
				8C6B3962D56241D86158FB6E /* Pods */,
				E5812F8A21FE2118756F29A4 /* Frameworks */,
			);
			sourceTree = "<group>";
		};
		0A431BDD2244A0BE00A837F7 /* Products */ = {
			isa = PBXGroup;
			children = (
				0A431BDC2244A0BE00A837F7 /* TinodeSDK.framework */,
				0A56CCE222759078006E2952 /* TinodeSDKTests.xctest */,
			);
			name = Products;
			sourceTree = "<group>";
		};
		0A431BDE2244A0BE00A837F7 /* TinodeSDK */ = {
			isa = PBXGroup;
			children = (
				0A44B00F2244AB0F00A98866 /* model */,
				0A431BF52244A14C00A837F7 /* AuthScheme.swift */,
				B0876013243F1E4000B464D1 /* ComTopic.swift */,
				0A431BF42244A14C00A837F7 /* Connection.swift */,
				B0876011243F1DD900B464D1 /* FndTopic.swift */,
				0A610452227563E200C6A9D2 /* Log.swift */,
				B087600F243F1C3E00B464D1 /* MeTopic.swift */,
				0A431BF22244A14C00A837F7 /* PromisedReply.swift */,
				0A431BF32244A14C00A837F7 /* RFC3339Format.swift */,
				0A431BF72244A14D00A837F7 /* Storage.swift */,
				0A431BF62244A14D00A837F7 /* Tinode.swift */,
				0A431BF82244A14D00A837F7 /* Topic.swift */,
				0A431BF92244A14D00A837F7 /* User.swift */,
				B089261527838F4600C419C0 /* WebSocket.swift */,
				0A431BDF2244A0BE00A837F7 /* TinodeSDK.h */,
				0A431BE02244A0BE00A837F7 /* Info.plist */,
			);
			path = TinodeSDK;
			sourceTree = "<group>";
		};
		0A44B00F2244AB0F00A98866 /* model */ = {
			isa = PBXGroup;
			children = (
				0A431BE72244A14B00A837F7 /* JSONValue.swift */,
				0A431BE82244A14B00A837F7 /* Acs.swift */,
				0A431BE92244A14B00A837F7 /* AcsHelper.swift */,
				0A431BEA2244A14B00A837F7 /* ClientMessages.swift */,
				0A431BEB2244A14B00A837F7 /* Defacs.swift */,
				0A431BEC2244A14B00A837F7 /* Description.swift */,
				0A431BED2244A14B00A837F7 /* Drafty.swift */,
				0AAF8BEB23B70E2A00C9CFBB /* MsgRange.swift */,
				0A431BEE2244A14B00A837F7 /* ServerMessages.swift */,
				0A431BEF2244A14B00A837F7 /* Subscription.swift */,
				0A81B316236FA896009AF14B /* Types.swift */,
				0A431BF02244A14B00A837F7 /* TheCard.swift */,
			);
			path = model;
			sourceTree = "<group>";
		};
		0A56CCE322759078006E2952 /* TinodeSDKTests */ = {
			isa = PBXGroup;
			children = (
				0A03AFD222759566003F6248 /* DraftyTest.swift */,
				0A56CCE422759078006E2952 /* TinodeSDKTests.swift */,
				0A56CCE622759078006E2952 /* Info.plist */,
			);
			path = TinodeSDKTests;
			sourceTree = "<group>";
		};
		8C6B3962D56241D86158FB6E /* Pods */ = {
			isa = PBXGroup;
			children = (
				15EB4A3618442D5E79FEAB59 /* Pods-TinodeSDK.debug.xcconfig */,
				D80621A4BCCAF3C0B58C06E5 /* Pods-TinodeSDK.release.xcconfig */,
				79834550805DF1A314040328 /* Pods-TinodeSDKTests.debug.xcconfig */,
				FD6888AEFAE0E94A350A75E8 /* Pods-TinodeSDKTests.release.xcconfig */,
			);
			name = Pods;
			sourceTree = "<group>";
		};
		E5812F8A21FE2118756F29A4 /* Frameworks */ = {
			isa = PBXGroup;
			children = (
				0A44B0102247573C00A98866 /* SwiftWebSocket.framework */,
				C8B1F7A52439924B698AC915 /* libPods-TinodeSDKTests.a */,
			);
			name = Frameworks;
			sourceTree = "<group>";
		};
/* End PBXGroup section */

/* Begin PBXHeadersBuildPhase section */
		0A431BD72244A0BE00A837F7 /* Headers */ = {
			isa = PBXHeadersBuildPhase;
			buildActionMask = 2147483647;
			files = (
				0A431BE12244A0BE00A837F7 /* TinodeSDK.h in Headers */,
			);
			runOnlyForDeploymentPostprocessing = 0;
		};
/* End PBXHeadersBuildPhase section */

/* Begin PBXNativeTarget section */
		0A431BDB2244A0BE00A837F7 /* TinodeSDK */ = {
			isa = PBXNativeTarget;
			buildConfigurationList = 0A431BE42244A0BE00A837F7 /* Build configuration list for PBXNativeTarget "TinodeSDK" */;
			buildPhases = (
				0A431BD72244A0BE00A837F7 /* Headers */,
				0A431BD82244A0BE00A837F7 /* Sources */,
				0A431BD92244A0BE00A837F7 /* Frameworks */,
				0A431BDA2244A0BE00A837F7 /* Resources */,
			);
			buildRules = (
			);
			dependencies = (
			);
			name = TinodeSDK;
			productName = TinodeSDK;
			productReference = 0A431BDC2244A0BE00A837F7 /* TinodeSDK.framework */;
			productType = "com.apple.product-type.framework";
		};
		0A56CCE122759078006E2952 /* TinodeSDKTests */ = {
			isa = PBXNativeTarget;
			buildConfigurationList = 0A56CCEC22759078006E2952 /* Build configuration list for PBXNativeTarget "TinodeSDKTests" */;
			buildPhases = (
				11CE15399BDFA482926A8220 /* [CP] Check Pods Manifest.lock */,
				0A56CCDE22759078006E2952 /* Sources */,
				0A56CCDF22759078006E2952 /* Frameworks */,
				0A56CCE022759078006E2952 /* Resources */,
			);
			buildRules = (
			);
			dependencies = (
				0A56CCE922759078006E2952 /* PBXTargetDependency */,
			);
			name = TinodeSDKTests;
			productName = TinodeSDKTests;
			productReference = 0A56CCE222759078006E2952 /* TinodeSDKTests.xctest */;
			productType = "com.apple.product-type.bundle.unit-test";
		};
/* End PBXNativeTarget section */

/* Begin PBXProject section */
		0A431BD32244A0BE00A837F7 /* Project object */ = {
			isa = PBXProject;
			attributes = {
				LastSwiftUpdateCheck = 1020;
				LastUpgradeCheck = 1410;
				ORGANIZATIONNAME = "Tinode LLC";
				TargetAttributes = {
					0A431BDB2244A0BE00A837F7 = {
						CreatedOnToolsVersion = 10.1;
						LastSwiftMigration = 1030;
					};
					0A56CCE122759078006E2952 = {
						CreatedOnToolsVersion = 10.2;
					};
				};
			};
			buildConfigurationList = 0A431BD62244A0BE00A837F7 /* Build configuration list for PBXProject "TinodeSDK" */;
			compatibilityVersion = "Xcode 10.0";
			developmentRegion = en;
			hasScannedForEncodings = 0;
			knownRegions = (
				en,
				Base,
			);
			mainGroup = 0A431BD22244A0BE00A837F7;
			productRefGroup = 0A431BDD2244A0BE00A837F7 /* Products */;
			projectDirPath = "";
			projectRoot = "";
			targets = (
				0A431BDB2244A0BE00A837F7 /* TinodeSDK */,
				0A56CCE122759078006E2952 /* TinodeSDKTests */,
			);
		};
/* End PBXProject section */

/* Begin PBXResourcesBuildPhase section */
		0A431BDA2244A0BE00A837F7 /* Resources */ = {
			isa = PBXResourcesBuildPhase;
			buildActionMask = 2147483647;
			files = (
			);
			runOnlyForDeploymentPostprocessing = 0;
		};
		0A56CCE022759078006E2952 /* Resources */ = {
			isa = PBXResourcesBuildPhase;
			buildActionMask = 2147483647;
			files = (
			);
			runOnlyForDeploymentPostprocessing = 0;
		};
/* End PBXResourcesBuildPhase section */

/* Begin PBXShellScriptBuildPhase section */
		11CE15399BDFA482926A8220 /* [CP] Check Pods Manifest.lock */ = {
			isa = PBXShellScriptBuildPhase;
			buildActionMask = 2147483647;
			files = (
			);
			inputFileListPaths = (
			);
			inputPaths = (
				"${PODS_PODFILE_DIR_PATH}/Podfile.lock",
				"${PODS_ROOT}/Manifest.lock",
			);
			name = "[CP] Check Pods Manifest.lock";
			outputFileListPaths = (
			);
			outputPaths = (
				"$(DERIVED_FILE_DIR)/Pods-TinodeSDKTests-checkManifestLockResult.txt",
			);
			runOnlyForDeploymentPostprocessing = 0;
			shellPath = /bin/sh;
			shellScript = "diff \"${PODS_PODFILE_DIR_PATH}/Podfile.lock\" \"${PODS_ROOT}/Manifest.lock\" > /dev/null\nif [ $? != 0 ] ; then\n    # print error to STDERR\n    echo \"error: The sandbox is not in sync with the Podfile.lock. Run 'pod install' or update your CocoaPods installation.\" >&2\n    exit 1\nfi\n# This output is used by Xcode 'outputs' to avoid re-running this script phase.\necho \"SUCCESS\" > \"${SCRIPT_OUTPUT_FILE_0}\"\n";
			showEnvVarsInLog = 0;
		};
/* End PBXShellScriptBuildPhase section */

/* Begin PBXSourcesBuildPhase section */
		0A431BD82244A0BE00A837F7 /* Sources */ = {
			isa = PBXSourcesBuildPhase;
			buildActionMask = 2147483647;
			files = (
				0A431BFD2244A14D00A837F7 /* User.swift in Sources */,
				0A44B00C2244AAC500A98866 /* JSONValue.swift in Sources */,
				0A610453227563E200C6A9D2 /* Log.swift in Sources */,
				B0876012243F1DD900B464D1 /* FndTopic.swift in Sources */,
				B089261627838F4600C419C0 /* WebSocket.swift in Sources */,
				0AAF8BEC23B70E2A00C9CFBB /* MsgRange.swift in Sources */,
				0A81B317236FA896009AF14B /* Types.swift in Sources */,
				0A44B0052244AAC500A98866 /* ServerMessages.swift in Sources */,
				B0876014243F1E4000B464D1 /* ComTopic.swift in Sources */,
				0A431BFC2244A14D00A837F7 /* AuthScheme.swift in Sources */,
				0A44B00E2244AAC500A98866 /* ClientMessages.swift in Sources */,
				0A44B00A2244AAC500A98866 /* Acs.swift in Sources */,
				0A431BFA2244A14D00A837F7 /* PromisedReply.swift in Sources */,
				0A44B0062244AAC500A98866 /* Subscription.swift in Sources */,
				0A44B0072244AAC500A98866 /* TheCard.swift in Sources */,
				0A44B0092244AAC500A98866 /* Description.swift in Sources */,
				0A44B00B2244AAC500A98866 /* Drafty.swift in Sources */,
				0A431BFB2244A14D00A837F7 /* Connection.swift in Sources */,
				0A431BFF2244A14D00A837F7 /* Tinode.swift in Sources */,
				0A431C012244A14D00A837F7 /* Topic.swift in Sources */,
				0A44B0082244AAC500A98866 /* Defacs.swift in Sources */,
				0A431C002244A14D00A837F7 /* RFC3339Format.swift in Sources */,
				0A44B00D2244AAC500A98866 /* AcsHelper.swift in Sources */,
				0A431BFE2244A14D00A837F7 /* Storage.swift in Sources */,
				B0876010243F1C3E00B464D1 /* MeTopic.swift in Sources */,
			);
			runOnlyForDeploymentPostprocessing = 0;
		};
		0A56CCDE22759078006E2952 /* Sources */ = {
			isa = PBXSourcesBuildPhase;
			buildActionMask = 2147483647;
			files = (
				0A56CCE522759078006E2952 /* TinodeSDKTests.swift in Sources */,
				0A03AFD322759566003F6248 /* DraftyTest.swift in Sources */,
			);
			runOnlyForDeploymentPostprocessing = 0;
		};
/* End PBXSourcesBuildPhase section */

/* Begin PBXTargetDependency section */
		0A56CCE922759078006E2952 /* PBXTargetDependency */ = {
			isa = PBXTargetDependency;
			target = 0A431BDB2244A0BE00A837F7 /* TinodeSDK */;
			targetProxy = 0A56CCE822759078006E2952 /* PBXContainerItemProxy */;
		};
/* End PBXTargetDependency section */

/* Begin XCBuildConfiguration section */
		0A431BE22244A0BE00A837F7 /* Debug */ = {
			isa = XCBuildConfiguration;
			buildSettings = {
				ALWAYS_SEARCH_USER_PATHS = NO;
				CLANG_ANALYZER_NONNULL = YES;
				CLANG_ANALYZER_NUMBER_OBJECT_CONVERSION = YES_AGGRESSIVE;
				CLANG_CXX_LANGUAGE_STANDARD = "gnu++14";
				CLANG_CXX_LIBRARY = "libc++";
				CLANG_ENABLE_MODULES = YES;
				CLANG_ENABLE_OBJC_ARC = YES;
				CLANG_ENABLE_OBJC_WEAK = YES;
				CLANG_WARN_BLOCK_CAPTURE_AUTORELEASING = YES;
				CLANG_WARN_BOOL_CONVERSION = YES;
				CLANG_WARN_COMMA = YES;
				CLANG_WARN_CONSTANT_CONVERSION = YES;
				CLANG_WARN_DEPRECATED_OBJC_IMPLEMENTATIONS = YES;
				CLANG_WARN_DIRECT_OBJC_ISA_USAGE = YES_ERROR;
				CLANG_WARN_DOCUMENTATION_COMMENTS = YES;
				CLANG_WARN_EMPTY_BODY = YES;
				CLANG_WARN_ENUM_CONVERSION = YES;
				CLANG_WARN_INFINITE_RECURSION = YES;
				CLANG_WARN_INT_CONVERSION = YES;
				CLANG_WARN_NON_LITERAL_NULL_CONVERSION = YES;
				CLANG_WARN_OBJC_IMPLICIT_RETAIN_SELF = YES;
				CLANG_WARN_OBJC_LITERAL_CONVERSION = YES;
				CLANG_WARN_OBJC_ROOT_CLASS = YES_ERROR;
				CLANG_WARN_QUOTED_INCLUDE_IN_FRAMEWORK_HEADER = YES;
				CLANG_WARN_RANGE_LOOP_ANALYSIS = YES;
				CLANG_WARN_STRICT_PROTOTYPES = YES;
				CLANG_WARN_SUSPICIOUS_MOVE = YES;
				CLANG_WARN_UNGUARDED_AVAILABILITY = YES_AGGRESSIVE;
				CLANG_WARN_UNREACHABLE_CODE = YES;
				CLANG_WARN__DUPLICATE_METHOD_MATCH = YES;
				CODE_SIGN_IDENTITY = "iPhone Developer";
				COPY_PHASE_STRIP = NO;
				CURRENT_PROJECT_VERSION = 1;
				DEBUG_INFORMATION_FORMAT = dwarf;
				ENABLE_STRICT_OBJC_MSGSEND = YES;
				ENABLE_TESTABILITY = YES;
				GCC_C_LANGUAGE_STANDARD = gnu11;
				GCC_DYNAMIC_NO_PIC = NO;
				GCC_NO_COMMON_BLOCKS = YES;
				GCC_OPTIMIZATION_LEVEL = 0;
				GCC_PREPROCESSOR_DEFINITIONS = (
					"DEBUG=1",
					"$(inherited)",
				);
				GCC_WARN_64_TO_32_BIT_CONVERSION = YES;
				GCC_WARN_ABOUT_RETURN_TYPE = YES_ERROR;
				GCC_WARN_UNDECLARED_SELECTOR = YES;
				GCC_WARN_UNINITIALIZED_AUTOS = YES_AGGRESSIVE;
				GCC_WARN_UNUSED_FUNCTION = YES;
				GCC_WARN_UNUSED_VARIABLE = YES;
				IPHONEOS_DEPLOYMENT_TARGET = 13.0;
				MTL_ENABLE_DEBUG_INFO = INCLUDE_SOURCE;
				MTL_FAST_MATH = YES;
				ONLY_ACTIVE_ARCH = YES;
				SDKROOT = iphoneos;
				SWIFT_ACTIVE_COMPILATION_CONDITIONS = DEBUG;
				SWIFT_OPTIMIZATION_LEVEL = "-Onone";
				VERSIONING_SYSTEM = "apple-generic";
				VERSION_INFO_PREFIX = "";
			};
			name = Debug;
		};
		0A431BE32244A0BE00A837F7 /* Release */ = {
			isa = XCBuildConfiguration;
			buildSettings = {
				ALWAYS_SEARCH_USER_PATHS = NO;
				CLANG_ANALYZER_NONNULL = YES;
				CLANG_ANALYZER_NUMBER_OBJECT_CONVERSION = YES_AGGRESSIVE;
				CLANG_CXX_LANGUAGE_STANDARD = "gnu++14";
				CLANG_CXX_LIBRARY = "libc++";
				CLANG_ENABLE_MODULES = YES;
				CLANG_ENABLE_OBJC_ARC = YES;
				CLANG_ENABLE_OBJC_WEAK = YES;
				CLANG_WARN_BLOCK_CAPTURE_AUTORELEASING = YES;
				CLANG_WARN_BOOL_CONVERSION = YES;
				CLANG_WARN_COMMA = YES;
				CLANG_WARN_CONSTANT_CONVERSION = YES;
				CLANG_WARN_DEPRECATED_OBJC_IMPLEMENTATIONS = YES;
				CLANG_WARN_DIRECT_OBJC_ISA_USAGE = YES_ERROR;
				CLANG_WARN_DOCUMENTATION_COMMENTS = YES;
				CLANG_WARN_EMPTY_BODY = YES;
				CLANG_WARN_ENUM_CONVERSION = YES;
				CLANG_WARN_INFINITE_RECURSION = YES;
				CLANG_WARN_INT_CONVERSION = YES;
				CLANG_WARN_NON_LITERAL_NULL_CONVERSION = YES;
				CLANG_WARN_OBJC_IMPLICIT_RETAIN_SELF = YES;
				CLANG_WARN_OBJC_LITERAL_CONVERSION = YES;
				CLANG_WARN_OBJC_ROOT_CLASS = YES_ERROR;
				CLANG_WARN_QUOTED_INCLUDE_IN_FRAMEWORK_HEADER = YES;
				CLANG_WARN_RANGE_LOOP_ANALYSIS = YES;
				CLANG_WARN_STRICT_PROTOTYPES = YES;
				CLANG_WARN_SUSPICIOUS_MOVE = YES;
				CLANG_WARN_UNGUARDED_AVAILABILITY = YES_AGGRESSIVE;
				CLANG_WARN_UNREACHABLE_CODE = YES;
				CLANG_WARN__DUPLICATE_METHOD_MATCH = YES;
				CODE_SIGN_IDENTITY = "iPhone Developer";
				COPY_PHASE_STRIP = NO;
				CURRENT_PROJECT_VERSION = 1;
				DEBUG_INFORMATION_FORMAT = "dwarf-with-dsym";
				ENABLE_NS_ASSERTIONS = NO;
				ENABLE_STRICT_OBJC_MSGSEND = YES;
				GCC_C_LANGUAGE_STANDARD = gnu11;
				GCC_NO_COMMON_BLOCKS = YES;
				GCC_WARN_64_TO_32_BIT_CONVERSION = YES;
				GCC_WARN_ABOUT_RETURN_TYPE = YES_ERROR;
				GCC_WARN_UNDECLARED_SELECTOR = YES;
				GCC_WARN_UNINITIALIZED_AUTOS = YES_AGGRESSIVE;
				GCC_WARN_UNUSED_FUNCTION = YES;
				GCC_WARN_UNUSED_VARIABLE = YES;
				IPHONEOS_DEPLOYMENT_TARGET = 13.0;
				MTL_ENABLE_DEBUG_INFO = NO;
				MTL_FAST_MATH = YES;
				SDKROOT = iphoneos;
				SWIFT_COMPILATION_MODE = wholemodule;
				SWIFT_OPTIMIZATION_LEVEL = "-O";
				VALIDATE_PRODUCT = YES;
				VERSIONING_SYSTEM = "apple-generic";
				VERSION_INFO_PREFIX = "";
			};
			name = Release;
		};
		0A431BE52244A0BE00A837F7 /* Debug */ = {
			isa = XCBuildConfiguration;
			buildSettings = {
				CODE_SIGN_IDENTITY = "";
				CODE_SIGN_STYLE = Automatic;
				DEFINES_MODULE = YES;
				DYLIB_COMPATIBILITY_VERSION = 1;
				DYLIB_CURRENT_VERSION = 1;
				DYLIB_INSTALL_NAME_BASE = "@rpath";
				INFOPLIST_FILE = TinodeSDK/Info.plist;
				INSTALL_PATH = "$(LOCAL_LIBRARY_DIR)/Frameworks";
				IPHONEOS_DEPLOYMENT_TARGET = 13.0;
				LD_RUNPATH_SEARCH_PATHS = (
					"$(inherited)",
					"@executable_path/Frameworks",
					"@loader_path/Frameworks",
				);
				MARKETING_VERSION = 1.2.0;
				PRODUCT_BUNDLE_IDENTIFIER = co.tinode.ios.TinodeSDK;
				PRODUCT_NAME = "$(TARGET_NAME:c99extidentifier)";
				SKIP_INSTALL = YES;
				SUPPORTS_MACCATALYST = NO;
				SWIFT_VERSION = 5.0;
				TARGETED_DEVICE_FAMILY = 1;
			};
			name = Debug;
		};
		0A431BE62244A0BE00A837F7 /* Release */ = {
			isa = XCBuildConfiguration;
			buildSettings = {
				CODE_SIGN_IDENTITY = "Apple Development";
				CODE_SIGN_STYLE = Automatic;
				DEFINES_MODULE = YES;
				DEVELOPMENT_TEAM = "";
				DYLIB_COMPATIBILITY_VERSION = 1;
				DYLIB_CURRENT_VERSION = 1;
				DYLIB_INSTALL_NAME_BASE = "@rpath";
				INFOPLIST_FILE = TinodeSDK/Info.plist;
				INSTALL_PATH = "$(LOCAL_LIBRARY_DIR)/Frameworks";
				IPHONEOS_DEPLOYMENT_TARGET = 13.0;
				LD_RUNPATH_SEARCH_PATHS = (
					"$(inherited)",
					"@executable_path/Frameworks",
					"@loader_path/Frameworks",
				);
				MARKETING_VERSION = 1.2.0;
				PRODUCT_BUNDLE_IDENTIFIER = co.tinode.ios.TinodeSDK;
				PRODUCT_NAME = "$(TARGET_NAME:c99extidentifier)";
				SKIP_INSTALL = YES;
				SUPPORTS_MACCATALYST = NO;
				SWIFT_VERSION = 5.0;
				TARGETED_DEVICE_FAMILY = 1;
			};
			name = Release;
		};
		0A56CCEA22759078006E2952 /* Debug */ = {
			isa = XCBuildConfiguration;
			baseConfigurationReference = 79834550805DF1A314040328 /* Pods-TinodeSDKTests.debug.xcconfig */;
			buildSettings = {
				CODE_SIGN_STYLE = Automatic;
				INFOPLIST_FILE = TinodeSDKTests/Info.plist;
				IPHONEOS_DEPLOYMENT_TARGET = 13.0;
				LD_RUNPATH_SEARCH_PATHS = (
					"$(inherited)",
					"@executable_path/Frameworks",
					"@loader_path/Frameworks",
				);
				OTHER_CFLAGS = "";
				PRODUCT_BUNDLE_IDENTIFIER = co.tinode.ios.TinodeSDKTests;
				PRODUCT_NAME = "$(TARGET_NAME)";
				SWIFT_VERSION = 5.0;
				TARGETED_DEVICE_FAMILY = "1,2";
			};
			name = Debug;
		};
		0A56CCEB22759078006E2952 /* Release */ = {
			isa = XCBuildConfiguration;
			baseConfigurationReference = FD6888AEFAE0E94A350A75E8 /* Pods-TinodeSDKTests.release.xcconfig */;
			buildSettings = {
				CODE_SIGN_STYLE = Automatic;
				DEVELOPMENT_TEAM = "";
				INFOPLIST_FILE = TinodeSDKTests/Info.plist;
				IPHONEOS_DEPLOYMENT_TARGET = 13.0;
				LD_RUNPATH_SEARCH_PATHS = (
					"$(inherited)",
					"@executable_path/Frameworks",
					"@loader_path/Frameworks",
				);
				OTHER_CFLAGS = "";
				PRODUCT_BUNDLE_IDENTIFIER = co.tinode.ios.TinodeSDKTests;
				PRODUCT_NAME = "$(TARGET_NAME)";
				SWIFT_VERSION = 5.0;
				TARGETED_DEVICE_FAMILY = "1,2";
			};
			name = Release;
		};
/* End XCBuildConfiguration section */

/* Begin XCConfigurationList section */
		0A431BD62244A0BE00A837F7 /* Build configuration list for PBXProject "TinodeSDK" */ = {
			isa = XCConfigurationList;
			buildConfigurations = (
				0A431BE22244A0BE00A837F7 /* Debug */,
				0A431BE32244A0BE00A837F7 /* Release */,
			);
			defaultConfigurationIsVisible = 0;
			defaultConfigurationName = Release;
		};
		0A431BE42244A0BE00A837F7 /* Build configuration list for PBXNativeTarget "TinodeSDK" */ = {
			isa = XCConfigurationList;
			buildConfigurations = (
				0A431BE52244A0BE00A837F7 /* Debug */,
				0A431BE62244A0BE00A837F7 /* Release */,
			);
			defaultConfigurationIsVisible = 0;
			defaultConfigurationName = Release;
		};
		0A56CCEC22759078006E2952 /* Build configuration list for PBXNativeTarget "TinodeSDKTests" */ = {
			isa = XCConfigurationList;
			buildConfigurations = (
				0A56CCEA22759078006E2952 /* Debug */,
				0A56CCEB22759078006E2952 /* Release */,
			);
			defaultConfigurationIsVisible = 0;
			defaultConfigurationName = Release;
		};
/* End XCConfigurationList section */
	};
	rootObject = 0A431BD32244A0BE00A837F7 /* Project object */;
}
